<?xml version="1.0" encoding="utf-8"?>
<Project ToolsVersion="4.0" xmlns="http://schemas.microsoft.com/developer/msbuild/2003">
  <ItemGroup>
    <Filter Include="Исходные файлы">
      <UniqueIdentifier>{4FC737F1-C7A5-4376-A066-2A32D752A2FF}</UniqueIdentifier>
      <Extensions>cpp;c;cc;cxx;c++;cppm;ixx;def;odl;idl;hpj;bat;asm;asmx</Extensions>
    </Filter>
    <Filter Include="Файлы заголовков">
      <UniqueIdentifier>{93995380-89BD-4b04-88EB-625FBE52EBFB}</UniqueIdentifier>
      <Extensions>h;hh;hpp;hxx;h++;hm;inl;inc;ipp;xsd</Extensions>
    </Filter>
    <Filter Include="Файлы ресурсов">
      <UniqueIdentifier>{67DA6AB6-F800-4c08-8B7A-83BB121AAD01}</UniqueIdentifier>
      <Extensions>rc;ico;cur;bmp;dlg;rc2;rct;bin;rgs;gif;jpg;jpeg;jpe;resx;tiff;tif;png;wav;mfcribbon-ms</Extensions>
    </Filter>
  </ItemGroup>
  <ItemGroup>
    <ClCompile Include="main.cpp">
      <Filter>Исходные файлы</Filter>
    </ClCompile>
    <ClCompile Include="CGame.cpp">
      <Filter>Исходные файлы</Filter>
    </ClCompile>
  </ItemGroup>
  <ItemGroup>
    <Image Include="..\x64\Debug\Res\cardBack_blue1.png">
      <Filter>Файлы ресурсов</Filter>
    </Image>
    <Image Include="..\x64\Debug\Res\cardBack_blue2.png">
      <Filter>Файлы ресурсов</Filter>
    </Image>
    <Image Include="..\x64\Debug\Res\cardBack_blue3.png">
      <Filter>Файлы ресурсов</Filter>
    </Image>
    <Image Include="..\x64\Debug\Res\cardBack_blue4.png">
      <Filter>Файлы ресурсов</Filter>
    </Image>
    <Image Include="..\x64\Debug\Res\cardBack_blue5.png">
      <Filter>Файлы ресурсов</Filter>
    </Image>
    <Image Include="..\x64\Debug\Res\cardBack_green1.png">
      <Filter>Файлы ресурсов</Filter>
    </Image>
    <Image Include="..\x64\Debug\Res\cardBack_green2.png">
      <Filter>Файлы ресурсов</Filter>
    </Image>
    <Image Include="..\x64\Debug\Res\cardBack_green3.png">
      <Filter>Файлы ресурсов</Filter>
    </Image>
    <Image Include="..\x64\Debug\Res\cardBack_green4.png">
      <Filter>Файлы ресурсов</Filter>
    </Image>
    <Image Include="..\x64\Debug\Res\cardBack_green5.png">
      <Filter>Файлы ресурсов</Filter>
    </Image>
    <Image Include="..\x64\Debug\Res\cardBack_red1.png">
      <Filter>Файлы ресурсов</Filter>
    </Image>
    <Image Include="..\x64\Debug\Res\cardBack_red2.png">
      <Filter>Файлы ресурсов</Filter>
    </Image>
    <Image Include="..\x64\Debug\Res\cardBack_red3.png">
      <Filter>Файлы ресурсов</Filter>
    </Image>
    <Image Include="..\x64\Debug\Res\cardBack_red4.png">
      <Filter>Файлы ресурсов</Filter>
    </Image>
    <Image Include="..\x64\Debug\Res\cardBack_red5.png">
      <Filter>Файлы ресурсов</Filter>
    </Image>
    <Image Include="..\x64\Debug\Res\cardClubs10.png">
      <Filter>Файлы ресурсов</Filter>
    </Image>
    <Image Include="..\x64\Debug\Res\cardClubs2.png">
      <Filter>Файлы ресурсов</Filter>
    </Image>
    <Image Include="..\x64\Debug\Res\cardClubs3.png">
      <Filter>Файлы ресурсов</Filter>
    </Image>
    <Image Include="..\x64\Debug\Res\cardClubs4.png">
      <Filter>Файлы ресурсов</Filter>
    </Image>
    <Image Include="..\x64\Debug\Res\cardClubs5.png">
      <Filter>Файлы ресурсов</Filter>
    </Image>
    <Image Include="..\x64\Debug\Res\cardClubs6.png">
      <Filter>Файлы ресурсов</Filter>
    </Image>
    <Image Include="..\x64\Debug\Res\cardClubs7.png">
      <Filter>Файлы ресурсов</Filter>
    </Image>
    <Image Include="..\x64\Debug\Res\cardClubs8.png">
      <Filter>Файлы ресурсов</Filter>
    </Image>
    <Image Include="..\x64\Debug\Res\cardClubs9.png">
      <Filter>Файлы ресурсов</Filter>
    </Image>
    <Image Include="..\x64\Debug\Res\cardClubsA.png">
      <Filter>Файлы ресурсов</Filter>
    </Image>
    <Image Include="..\x64\Debug\Res\cardClubsJ.png">
      <Filter>Файлы ресурсов</Filter>
    </Image>
    <Image Include="..\x64\Debug\Res\cardClubsK.png">
      <Filter>Файлы ресурсов</Filter>
    </Image>
    <Image Include="..\x64\Debug\Res\cardClubsQ.png">
      <Filter>Файлы ресурсов</Filter>
    </Image>
    <Image Include="..\x64\Debug\Res\cardDiamonds10.png">
      <Filter>Файлы ресурсов</Filter>
    </Image>
    <Image Include="..\x64\Debug\Res\cardDiamonds2.png">
      <Filter>Файлы ресурсов</Filter>
    </Image>
    <Image Include="..\x64\Debug\Res\cardDiamonds3.png">
      <Filter>Файлы ресурсов</Filter>
    </Image>
    <Image Include="..\x64\Debug\Res\cardDiamonds4.png">
      <Filter>Файлы ресурсов</Filter>
    </Image>
    <Image Include="..\x64\Debug\Res\cardDiamonds5.png">
      <Filter>Файлы ресурсов</Filter>
    </Image>
    <Image Include="..\x64\Debug\Res\cardDiamonds6.png">
      <Filter>Файлы ресурсов</Filter>
    </Image>
    <Image Include="..\x64\Debug\Res\cardDiamonds7.png">
      <Filter>Файлы ресурсов</Filter>
    </Image>
    <Image Include="..\x64\Debug\Res\cardDiamonds8.png">
      <Filter>Файлы ресурсов</Filter>
    </Image>
    <Image Include="..\x64\Debug\Res\cardDiamonds9.png">
      <Filter>Файлы ресурсов</Filter>
    </Image>
    <Image Include="..\x64\Debug\Res\cardDiamondsA.png">
      <Filter>Файлы ресурсов</Filter>
    </Image>
    <Image Include="..\x64\Debug\Res\cardDiamondsJ.png">
      <Filter>Файлы ресурсов</Filter>
    </Image>
    <Image Include="..\x64\Debug\Res\cardDiamondsK.png">
      <Filter>Файлы ресурсов</Filter>
    </Image>
    <Image Include="..\x64\Debug\Res\cardDiamondsQ.png">
      <Filter>Файлы ресурсов</Filter>
    </Image>
    <Image Include="..\x64\Debug\Res\cardHearts10.png">
      <Filter>Файлы ресурсов</Filter>
    </Image>
    <Image Include="..\x64\Debug\Res\cardHearts2.png">
      <Filter>Файлы ресурсов</Filter>
    </Image>
    <Image Include="..\x64\Debug\Res\cardHearts3.png">
      <Filter>Файлы ресурсов</Filter>
    </Image>
    <Image Include="..\x64\Debug\Res\cardHearts4.png">
      <Filter>Файлы ресурсов</Filter>
    </Image>
    <Image Include="..\x64\Debug\Res\cardHearts5.png">
      <Filter>Файлы ресурсов</Filter>
    </Image>
    <Image Include="..\x64\Debug\Res\cardHearts6.png">
      <Filter>Файлы ресурсов</Filter>
    </Image>
    <Image Include="..\x64\Debug\Res\cardHearts7.png">
      <Filter>Файлы ресурсов</Filter>
    </Image>
    <Image Include="..\x64\Debug\Res\cardHearts8.png">
      <Filter>Файлы ресурсов</Filter>
    </Image>
    <Image Include="..\x64\Debug\Res\cardHearts9.png">
      <Filter>Файлы ресурсов</Filter>
    </Image>
    <Image Include="..\x64\Debug\Res\cardHeartsA.png">
      <Filter>Файлы ресурсов</Filter>
    </Image>
    <Image Include="..\x64\Debug\Res\cardHeartsJ.png">
      <Filter>Файлы ресурсов</Filter>
    </Image>
    <Image Include="..\x64\Debug\Res\cardHeartsK.png">
      <Filter>Файлы ресурсов</Filter>
    </Image>
    <Image Include="..\x64\Debug\Res\cardHeartsQ.png">
      <Filter>Файлы ресурсов</Filter>
    </Image>
    <Image Include="..\x64\Debug\Res\cardJoker.png">
      <Filter>Файлы ресурсов</Filter>
    </Image>
    <Image Include="..\x64\Debug\Res\cardSpades10.png">
      <Filter>Файлы ресурсов</Filter>
    </Image>
    <Image Include="..\x64\Debug\Res\cardSpades2.png">
      <Filter>Файлы ресурсов</Filter>
    </Image>
    <Image Include="..\x64\Debug\Res\cardSpades3.png">
      <Filter>Файлы ресурсов</Filter>
    </Image>
    <Image Include="..\x64\Debug\Res\cardSpades4.png">
      <Filter>Файлы ресурсов</Filter>
    </Image>
    <Image Include="..\x64\Debug\Res\cardSpades5.png">
      <Filter>Файлы ресурсов</Filter>
    </Image>
    <Image Include="..\x64\Debug\Res\cardSpades6.png">
      <Filter>Файлы ресурсов</Filter>
    </Image>
    <Image Include="..\x64\Debug\Res\cardSpades7.png">
      <Filter>Файлы ресурсов</Filter>
    </Image>
    <Image Include="..\x64\Debug\Res\cardSpades8.png">
      <Filter>Файлы ресурсов</Filter>
    </Image>
    <Image Include="..\x64\Debug\Res\cardSpades9.png">
      <Filter>Файлы ресурсов</Filter>
    </Image>
    <Image Include="..\x64\Debug\Res\cardSpadesA.png">
      <Filter>Файлы ресурсов</Filter>
    </Image>
    <Image Include="..\x64\Debug\Res\cardSpadesJ.png">
      <Filter>Файлы ресурсов</Filter>
    </Image>
    <Image Include="..\x64\Debug\Res\cardSpadesK.png">
      <Filter>Файлы ресурсов</Filter>
    </Image>
    <Image Include="..\x64\Debug\Res\cardSpadesQ.png">
      <Filter>Файлы ресурсов</Filter>
    </Image>
    <Image Include="..\x64\Debug\Res\icons8-audio-50.png">
      <Filter>Файлы ресурсов</Filter>
    </Image>
    <Image Include="..\x64\Debug\Res\icons8-no-audio-50.png">
      <Filter>Файлы ресурсов</Filter>
    </Image>
    <Image Include="..\x64\Debug\Res\NewGame.png">
      <Filter>Файлы ресурсов</Filter>
    </Image>
    <Image Include="..\x64\Debug\Res\SeekPng.com_colorful-png_512093.png">
      <Filter>Файлы ресурсов</Filter>
    </Image>
    <Image Include="..\x64\Debug\Res\white-arrow-png-41942.png">
      <Filter>Файлы ресурсов</Filter>
    </Image>
  </ItemGroup>
  <ItemGroup>
    <ClInclude Include="CGame.h">
      <Filter>Файлы заголовков</Filter>
    </ClInclude>
    <ClInclude Include="header.h">
      <Filter>Файлы заголовков</Filter>
    </ClInclude>
  </ItemGroup>
  <ItemGroup>
    <Media Include="..\x64\Debug\Res\Hugh_Laurie_-_The_Weed_Smokers_Dream_(musmore.com).mp3" />
    <Media Include="..\x64\Debug\Res\success-fanfare-trumpets-6185.mp3">
      <Filter>Файлы ресурсов</Filter>
    </Media>
    <Media Include="..\x64\Debug\Res\failure-1-89170.mp3">
      <Filter>Файлы ресурсов</Filter>
    </Media>
  </ItemGroup>
  <ItemGroup>
    <Font Include="..\x64\Debug\Res\Arial-BoldMT.ttf" />
  </ItemGroup>
  <ItemGroup>
    <Text Include="..\x64\Debug\Res\license.txt" />
  </ItemGroup>
</Project>